<?xml version="1.0" encoding="utf-8"?>
<Project ToolsVersion="4.0" xmlns="http://schemas.microsoft.com/developer/msbuild/2003">
  <ItemGroup>
    <ClCompile Include="GameCode\Game\Game.cpp">
      <Filter>Engine\Game</Filter>
    </ClCompile>
    <ClCompile Include="GameCode\Game\GameState.cpp">
      <Filter>Engine\Game</Filter>
    </ClCompile>
    <ClCompile Include="GameCode\Manager\InputManager.cpp">
      <Filter>Engine\Manager</Filter>
    </ClCompile>
    <ClCompile Include="GameCode\Manager\AssetManager.cpp">
      <Filter>Engine\Manager</Filter>
    </ClCompile>
    <ClCompile Include="GameCode\Manager\TimeManager.cpp">
      <Filter>Engine\Manager</Filter>
    </ClCompile>
    <ClCompile Include="GameCode\Input\KeyboardMap.cpp">
      <Filter>Engine\Input</Filter>
    </ClCompile>
    <ClCompile Include="GameCode\Config\Utils.cpp">
      <Filter>Engine\Entity\Config</Filter>
    </ClCompile>
    <ClCompile Include="GameCode\Config\Settings.cpp">
      <Filter>Engine\Entity\Config</Filter>
    </ClCompile>
    <ClCompile Include="GameCode\Entity\Bullet.cpp">
      <Filter>Engine\Entity</Filter>
    </ClCompile>
    <ClCompile Include="GameCode\Entity\Player.cpp">
      <Filter>Engine\Entity</Filter>
    </ClCompile>
    <ClCompile Include="GameCode\Entity\Weapon.cpp">
      <Filter>Engine\Entity</Filter>
    </ClCompile>
    <ClCompile Include="GameCode\Entity\Animation.cpp">
      <Filter>Engine\Entity</Filter>
    </ClCompile>
    <ClCompile Include="GameCode\Entity\BaseEntity.cpp">
      <Filter>Engine\Entity</Filter>
    </ClCompile>
    <ClCompile Include="GameCode\Entity\AnimateEntity.cpp">
      <Filter>Engine\Entity</Filter>
    </ClCompile>
    <ClCompile Include="GameCode\Game\Objects\Crate.cpp">
      <Filter>Engine\Game\Objects</Filter>
    </ClCompile>
    <ClCompile Include="GameCode\Game\Objects\Ladder.cpp">
      <Filter>Engine\Game\Objects</Filter>
    </ClCompile>
    <ClCompile Include="GameCode\Game\Objects\Platform.cpp">
      <Filter>Engine\Game\Objects</Filter>
    </ClCompile>
    <ClCompile Include="GameCode\Game\Objects\Barrel.cpp">
      <Filter>Engine\Game\Objects</Filter>
    </ClCompile>
    <ClCompile Include="GameCode\Game\Objects\Container.cpp">
      <Filter>Engine\Game\Objects</Filter>
    </ClCompile>
    <ClCompile Include="GameCode\Entity\collidable.cpp">
      <Filter>Engine\Entity</Filter>
    </ClCompile>
    <ClCompile Include="GameCode\Game\Objects\Fire.cpp">
      <Filter>Engine\Game\Objects</Filter>
    </ClCompile>
    <ClCompile Include="Main.cpp">
      <Filter>Engine\Game</Filter>
    </ClCompile>
    <ClCompile Include="GameCode\Game\Map.cpp">
      <Filter>Engine\Game</Filter>
    </ClCompile>
    <ClCompile Include="GameCode\AnimFactory.cpp" />
  </ItemGroup>
  <ItemGroup>
    <ClInclude Include="GameCode\Game\GameState.h">
      <Filter>Engine\Game</Filter>
    </ClInclude>
    <ClInclude Include="GameCode\Game\Game.h">
      <Filter>Engine\Game</Filter>
    </ClInclude>
    <ClInclude Include="GameCode\Manager\TimeManager.h">
      <Filter>Engine\Manager</Filter>
    </ClInclude>
    <ClInclude Include="GameCode\Manager\AssetManager.h">
      <Filter>Engine\Manager</Filter>
    </ClInclude>
    <ClInclude Include="GameCode\Input\KeyboardMap.h">
      <Filter>Engine\Input</Filter>
    </ClInclude>
    <ClInclude Include="GameCode\Config\Utils.h">
      <Filter>Engine\Entity\Config</Filter>
    </ClInclude>
    <ClInclude Include="GameCode\Manager\InputManager.h">
      <Filter>Engine\Manager</Filter>
    </ClInclude>
    <ClInclude Include="GameCode\Config\Settings.h">
      <Filter>Engine\Input</Filter>
    </ClInclude>
    <ClInclude Include="GameCode\Entity\Bullet.h">
      <Filter>Engine\Entity</Filter>
    </ClInclude>
    <ClInclude Include="GameCode\Entity\Player.h">
      <Filter>Engine\Entity</Filter>
    </ClInclude>
    <ClInclude Include="GameCode\Entity\Weapon.h">
      <Filter>Engine\Entity</Filter>
    </ClInclude>
    <ClInclude Include="GameCode\Utils\enums.h">
      <Filter>Engine\Utils</Filter>
    </ClInclude>
    <ClInclude Include="GameCode\Entity\Animation.h">
      <Filter>Engine\Entity</Filter>
    </ClInclude>
    <ClInclude Include="GameCode\Entity\BaseEntity.h">
      <Filter>Engine\Entity</Filter>
    </ClInclude>
    <ClInclude Include="GameCode\Config\Settings.h" />
    <ClInclude Include="GameCode\Entity\AnimateEntity.h">
      <Filter>Engine\Entity</Filter>
    </ClInclude>
    <ClInclude Include="GameCode\Config\Settings.h" />
    <ClInclude Include="GameCode\Game\Objects\Container.h">
      <Filter>Engine\Game\Objects</Filter>
    </ClInclude>
    <ClInclude Include="GameCode\Game\Objects\Crate.h">
      <Filter>Engine\Game\Objects</Filter>
    </ClInclude>
    <ClInclude Include="GameCode\Game\Objects\Ladder.h">
      <Filter>Engine\Game\Objects</Filter>
    </ClInclude>
    <ClInclude Include="GameCode\Game\Objects\Platform.h">
      <Filter>Engine\Game\Objects</Filter>
    </ClInclude>
    <ClInclude Include="GameCode\Game\Objects\Barrel.h">
      <Filter>Engine\Game\Objects</Filter>
    </ClInclude>
    <ClInclude Include="GameCode\Entity\collidable.h">
      <Filter>Engine\Entity</Filter>
    </ClInclude>
    <ClInclude Include="GameCode\Game\Objects\Fire.h">
      <Filter>Engine\Game\Objects</Filter>
    </ClInclude>
    <ClInclude Include="GameCode\Game\Map.h">
      <Filter>Engine\Game</Filter>
    </ClInclude>
    <ClInclude Include="GameCode\Utils\Consts.h">
      <Filter>Engine\Utils</Filter>
    </ClInclude>
    <ClInclude Include="GameCode\AnimFactory.h" />
    <ClInclude Include="Objects.h">
      <Filter>Engine\Utils</Filter>
    </ClInclude>
  </ItemGroup>
  <ItemGroup>
    <Filter Include="Engine">
      <UniqueIdentifier>{111c84da-ec05-44f0-84c1-e114f85ece67}</UniqueIdentifier>
    </Filter>
    <Filter Include="Engine\Entity">
      <UniqueIdentifier>{58c83756-3989-42ee-b7f2-9aab3ecf3ecb}</UniqueIdentifier>
    </Filter>
    <Filter Include="Engine\Game">
      <UniqueIdentifier>{fa6e1a34-dfeb-41fa-bb7c-4d4d8c030220}</UniqueIdentifier>
    </Filter>
    <Filter Include="Engine\Utils">
      <UniqueIdentifier>{5c0efdcb-71f9-4def-bf25-153b533b2a72}</UniqueIdentifier>
    </Filter>
    <Filter Include="Engine\Input">
      <UniqueIdentifier>{417d964a-7161-4043-ab2c-a1733883df7b}</UniqueIdentifier>
    </Filter>
    <Filter Include="Engine\Manager">
      <UniqueIdentifier>{273367c0-9094-4b0f-8fe6-e79d6ad59243}</UniqueIdentifier>
    </Filter>
    <Filter Include="Engine\Entity\Config">
      <UniqueIdentifier>{0d9bc47b-fdb7-41b0-9b17-677a2f33f3d7}</UniqueIdentifier>
    </Filter>
    <Filter Include="Engine\Game\Objects">
      <UniqueIdentifier>{a210b26d-37d3-4716-82a9-d72c661159a6}</UniqueIdentifier>
    </Filter>
    <Filter Include="Sons">
      <UniqueIdentifier>{4134650e-0a17-421b-b167-9ce91698f506}</UniqueIdentifier>
    </Filter>
    <Filter Include="Sons\Musiques">
      <UniqueIdentifier>{b29e1f81-5dca-43d3-b20d-7ffcf31ae190}</UniqueIdentifier>
    </Filter>
    <Filter Include="Sons\ES">
      <UniqueIdentifier>{b54d8879-9b67-426a-847e-5e865e3dd092}</UniqueIdentifier>
    </Filter>
  </ItemGroup>
  <ItemGroup>
    <None Include="..\Sons\004-System05.ogg">
      <Filter>Sons</Filter>
    </None>
    <None Include="..\Sons\005-System05.ogg">
      <Filter>Sons</Filter>
    </None>
    <None Include="..\Sons\006-System06.ogg">
      <Filter>Sons</Filter>
    </None>
    <None Include="..\Sons\007-System07.ogg">
      <Filter>Sons</Filter>
    </None>
    <None Include="..\Sons\012-System12.ogg">
      <Filter>Sons</Filter>
    </None>
    <None Include="..\Sons\013-Move01.ogg">
      <Filter>Sons</Filter>
    </None>
    <None Include="..\Sons\014-Move02.ogg">
      <Filter>Sons</Filter>
    </None>
    <None Include="..\Sons\015-Jump01.ogg">
      <Filter>Sons</Filter>
    </None>
    <None Include="..\Sons\015-Jump04.ogg">
      <Filter>Sons</Filter>
    </None>
    <None Include="..\Sons\016-Jump02.ogg">
      <Filter>Sons</Filter>
    </None>
    <None Include="..\Sons\017-Jump03.ogg">
      <Filter>Sons</Filter>
    </None>
    <None Include="..\Sons\018-Teleport01.ogg">
      <Filter>Sons</Filter>
    </None>
    <None Include="..\Sons\019-Teleport02.ogg">
      <Filter>Sons</Filter>
    </None>
    <None Include="..\Sons\020-Teleport03.ogg">
      <Filter>Sons</Filter>
    </None>
    <None Include="..\Sons\021-Dive01.ogg">
      <Filter>Sons</Filter>
    </None>
    <None Include="..\Sons\022-Dive02.ogg">
      <Filter>Sons</Filter>
    </None>
    <None Include="..\Sons\023-Dive03.ogg">
      <Filter>Sons</Filter>
    </None>
    <None Include="..\Sons\024-Door01.ogg">
      <Filter>Sons</Filter>
    </None>
    <None Include="..\Sons\025-Door02.ogg">
      <Filter>Sons</Filter>
    </None>
    <None Include="..\Sons\026-Door03.ogg">
      <Filter>Sons</Filter>
    </None>
    <None Include="..\Sons\027-Door04.ogg">
      <Filter>Sons</Filter>
    </None>
    <None Include="..\Sons\028-Door05.ogg">
      <Filter>Sons</Filter>
    </None>
    <None Include="..\Sons\029-Door06.ogg">
      <Filter>Sons</Filter>
    </None>
    <None Include="..\Sons\032-Switch01.ogg">
      <Filter>Sons</Filter>
    </None>
    <None Include="..\Sons\035-Switch04.ogg">
      <Filter>Sons</Filter>
    </None>
    <None Include="..\Sons\039-Switch08.ogg">
      <Filter>Sons</Filter>
    </None>
    <None Include="..\Sons\040-Knock01.ogg">
      <Filter>Sons</Filter>
    </None>
    <None Include="..\Sons\041-Knock02.ogg">
      <Filter>Sons</Filter>
    </None>
    <None Include="..\Sons\044-Chest01.ogg">
      <Filter>Sons</Filter>
    </None>
    <None Include="..\Sons\045-Push01.ogg">
      <Filter>Sons</Filter>
    </None>
    <None Include="..\Sons\045-Push03.ogg">
      <Filter>Sons</Filter>
    </None>
    <None Include="..\Sons\048-Explosion01.ogg">
      <Filter>Sons</Filter>
    </None>
    <None Include="..\Sons\049-Explosion02.ogg">
      <Filter>Sons</Filter>
    </None>
    <None Include="..\Sons\050-Explosion03.ogg">
      <Filter>Sons</Filter>
    </None>
    <None Include="..\Sons\051-Explosion04.ogg">
      <Filter>Sons</Filter>
    </None>
    <None Include="..\Sons\052-Cannon01.ogg">
      <Filter>Sons</Filter>
    </None>
    <None Include="..\Sons\053-Cannon02.ogg">
      <Filter>Sons</Filter>
    </None>
    <None Include="..\Sons\054-Cannon03.ogg">
      <Filter>Sons</Filter>
    </None>
    <None Include="..\Sons\055-Right01.ogg">
      <Filter>Sons</Filter>
    </None>
    <None Include="..\Sons\056-Right02.ogg">
      <Filter>Sons</Filter>
    </None>
    <None Include="..\Sons\057-Wrong01.ogg">
      <Filter>Sons</Filter>
    </None>
    <None Include="..\Sons\058-Wrong02.ogg">
      <Filter>Sons</Filter>
    </None>
    <None Include="..\Sons\059-Applause01.ogg">
      <Filter>Sons</Filter>
    </None>
    <None Include="..\Sons\060-Cheer01.ogg">
      <Filter>Sons</Filter>
    </None>
    <None Include="..\Sons\061-Thunderclap01.ogg">
      <Filter>Sons</Filter>
    </None>
    <None Include="..\Sons\062-Swing01.ogg">
      <Filter>Sons</Filter>
    </None>
    <None Include="..\Sons\063-Swing02.ogg">
      <Filter>Sons</Filter>
    </None>
    <None Include="..\Sons\064-Swing03.ogg">
      <Filter>Sons</Filter>
    </None>
    <None Include="..\Sons\065-Swing04.ogg">
      <Filter>Sons</Filter>
    </None>
    <None Include="..\Sons\074-Small01.ogg">
      <Filter>Sons</Filter>
    </None>
    <None Include="..\Sons\075-Small02.ogg">
      <Filter>Sons</Filter>
    </None>
    <None Include="..\Sons\076-Small03.ogg">
      <Filter>Sons</Filter>
    </None>
    <None Include="..\Sons\077-Small04.ogg">
      <Filter>Sons</Filter>
    </None>
    <None Include="..\Sons\078-Small05.ogg">
      <Filter>Sons</Filter>
    </None>
    <None Include="..\Sons\086-Action01.ogg">
      <Filter>Sons</Filter>
    </None>
    <None Include="..\Sons\087-Action02.ogg">
      <Filter>Sons</Filter>
    </None>
    <None Include="..\Sons\088-Action03.ogg">
      <Filter>Sons</Filter>
    </None>
    <None Include="..\Sons\089-Attack01.ogg">
      <Filter>Sons</Filter>
    </None>
    <None Include="..\Sons\090-Attack02.ogg">
      <Filter>Sons</Filter>
    </None>
    <None Include="..\Sons\091-Attack03.ogg">
      <Filter>Sons</Filter>
    </None>
    <None Include="..\Sons\092-Attack04.ogg">
      <Filter>Sons</Filter>
    </None>
    <None Include="..\Sons\093-Attack05.ogg">
      <Filter>Sons</Filter>
    </None>
    <None Include="..\Sons\094-Attack06.ogg">
      <Filter>Sons</Filter>
    </None>
    <None Include="..\Sons\095-Attack07.ogg">
      <Filter>Sons</Filter>
    </None>
    <None Include="..\Sons\096-Attack08.ogg">
      <Filter>Sons</Filter>
    </None>
    <None Include="..\Sons\097-Attack09.ogg">
      <Filter>Sons</Filter>
    </None>
    <None Include="..\Sons\098-Attack10.ogg">
      <Filter>Sons</Filter>
    </None>
    <None Include="..\Sons\099-Attack11.ogg">
      <Filter>Sons</Filter>
    </None>
    <None Include="..\Sons\100-Attack12.ogg">
      <Filter>Sons</Filter>
    </None>
    <None Include="..\Sons\101-Attack13.ogg">
      <Filter>Sons</Filter>
    </None>
    <None Include="..\Sons\102-Attack14.ogg">
      <Filter>Sons</Filter>
    </None>
    <None Include="..\Sons\103-Attack15.ogg">
      <Filter>Sons</Filter>
    </None>
    <None Include="..\Sons\104-Attack16.ogg">
      <Filter>Sons</Filter>
    </None>
    <None Include="..\Sons\113-Remedy01.ogg">
      <Filter>Sons</Filter>
    </None>
    <None Include="..\Sons\114-Remedy02.ogg">
      <Filter>Sons</Filter>
    </None>
    <None Include="..\Sons\115-Raise01.ogg">
      <Filter>Sons</Filter>
    </None>
    <None Include="..\Sons\116-Raise02.ogg">
      <Filter>Sons</Filter>
    </None>
    <None Include="..\Sons\117-Fire01.ogg">
      <Filter>Sons</Filter>
    </None>
    <None Include="..\Sons\118-Fire02.ogg">
      <Filter>Sons</Filter>
    </None>
    <None Include="..\Sons\119-Fire03.ogg">
      <Filter>Sons</Filter>
    </None>
    <None Include="..\Sons\120-Ice01.ogg">
      <Filter>Sons</Filter>
    </None>
    <None Include="..\Sons\121-Ice02.ogg">
      <Filter>Sons</Filter>
    </None>
    <None Include="..\Sons\122-Ice03.ogg">
      <Filter>Sons</Filter>
    </None>
    <None Include="..\Sons\123-Thunder01.ogg">
      <Filter>Sons</Filter>
    </None>
    <None Include="..\Sons\123-Thunder04.ogg">
      <Filter>Sons</Filter>
    </None>
    <None Include="..\Sons\124-Thunder02.ogg">
      <Filter>Sons</Filter>
    </None>
    <None Include="..\Sons\125-Thunder03.ogg">
      <Filter>Sons</Filter>
    </None>
    <None Include="..\Sons\126-Water01.ogg">
      <Filter>Sons</Filter>
    </None>
    <None Include="..\Sons\127-Water02.ogg">
      <Filter>Sons</Filter>
    </None>
    <None Include="..\Sons\128-Water03.ogg">
      <Filter>Sons</Filter>
    </None>
    <None Include="..\Sons\131-Earth03.ogg">
      <Filter>Sons</Filter>
    </None>
    <None Include="..\Sons\132-Wind01.ogg">
      <Filter>Sons</Filter>
    </None>
    <None Include="..\Sons\136-Light02.ogg">
      <Filter>Sons</Filter>
    </None>
    <None Include="..\Sons\138-Darkness01.ogg">
      <Filter>Sons</Filter>
    </None>
    <None Include="..\Sons\141-Burst01.ogg">
      <Filter>Sons</Filter>
    </None>
    <None Include="..\Sons\149-Support07.ogg">
      <Filter>Sons</Filter>
    </None>
    <None Include="..\Sons\151-Support09.ogg">
      <Filter>Sons</Filter>
    </None>
    <None Include="..\Sons\153-Support11.ogg">
      <Filter>Sons</Filter>
    </None>
    <None Include="..\Sons\161-Skill05.ogg">
      <Filter>Sons</Filter>
    </None>
    <None Include="..\Sons\169-Skill13.ogg">
      <Filter>Sons</Filter>
    </None>
    <None Include="..\Sons\179-Skill23.ogg">
      <Filter>Sons</Filter>
    </None>
    <None Include="..\Sons\001-System01.ogg">
      <Filter>Sons</Filter>
    </None>
    <None Include="..\Sons\002-System02.ogg">
      <Filter>Sons</Filter>
    </None>
    <None Include="..\Sons\003-System03.ogg">
      <Filter>Sons</Filter>
    </None>
    <None Include="..\Sons\004-System04.ogg">
      <Filter>Sons</Filter>
    </None>
  </ItemGroup>
</Project>