<?xml version="1.0" encoding="utf-8"?>
<Project ToolsVersion="4.0" xmlns="http://schemas.microsoft.com/developer/msbuild/2003">
  <ItemGroup>
    <ClCompile Include="Main.cpp" />
    <ClCompile Include="GameCode\Game\Game.cpp">
      <Filter>Engine\Game</Filter>
    </ClCompile>
    <ClCompile Include="GameCode\Game\GameState.cpp">
      <Filter>Engine\Game</Filter>
    </ClCompile>
    <ClCompile Include="GameCode\Manager\InputManager.cpp">
      <Filter>Engine\Manager</Filter>
    </ClCompile>
    <ClCompile Include="GameCode\Manager\AssetManager.cpp">
      <Filter>Engine\Manager</Filter>
    </ClCompile>
    <ClCompile Include="GameCode\Manager\TimeManager.cpp">
      <Filter>Engine\Manager</Filter>
    </ClCompile>
    <ClCompile Include="GameCode\Input\KeyboardMap.cpp">
      <Filter>Engine\Input</Filter>
    </ClCompile>
    <ClCompile Include="GameCode\Config\Utils.cpp">
      <Filter>Engine\Entity\Config</Filter>
    </ClCompile>
    <ClCompile Include="GameCode\Config\Settings.cpp">
      <Filter>Engine\Entity\Config</Filter>
    </ClCompile>
    <ClCompile Include="GameCode\Entity\Bullet.cpp">
      <Filter>Engine\Entity</Filter>
    </ClCompile>
    <ClCompile Include="GameCode\Entity\Player.cpp">
      <Filter>Engine\Entity</Filter>
    </ClCompile>
    <ClCompile Include="GameCode\Entity\Weapon.cpp">
      <Filter>Engine\Entity</Filter>
    </ClCompile>
    <ClCompile Include="GameCode\Entity\Animation.cpp">
      <Filter>Engine\Entity</Filter>
    </ClCompile>
    <ClCompile Include="GameCode\Entity\BaseEntity.cpp">
      <Filter>Engine\Entity</Filter>
    </ClCompile>
  </ItemGroup>
  <ItemGroup>
    <ClInclude Include="GameCode\Game\GameState.h">
      <Filter>Engine\Game</Filter>
    </ClInclude>
    <ClInclude Include="GameCode\Game\Game.h">
      <Filter>Engine\Game</Filter>
    </ClInclude>
    <ClInclude Include="GameCode\Manager\TimeManager.h">
      <Filter>Engine\Manager</Filter>
    </ClInclude>
    <ClInclude Include="GameCode\Manager\AssetManager.h">
      <Filter>Engine\Manager</Filter>
    </ClInclude>
    <ClInclude Include="GameCode\Input\InputMap.h">
      <Filter>Engine\Input</Filter>
    </ClInclude>
    <ClInclude Include="GameCode\Input\KeyboardMap.h">
      <Filter>Engine\Input</Filter>
    </ClInclude>
    <ClInclude Include="GameCode\Input\EnumInput.h">
      <Filter>Engine\Input</Filter>
    </ClInclude>
    <ClInclude Include="GameCode\Config\Utils.h">
      <Filter>Engine\Entity\Config</Filter>
    </ClInclude>
    <ClInclude Include="GameCode\Manager\InputManager.h">
      <Filter>Engine\Manager</Filter>
    </ClInclude>
    <ClInclude Include="GameCode\Config\Settings.h">
      <Filter>Engine\Input</Filter>
    </ClInclude>
    <ClInclude Include="GameCode\Entity\Bullet.h">
      <Filter>Engine\Entity</Filter>
    </ClInclude>
    <ClInclude Include="GameCode\Entity\Player.h">
      <Filter>Engine\Entity</Filter>
    </ClInclude>
    <ClInclude Include="GameCode\Entity\Weapon.h">
      <Filter>Engine\Entity</Filter>
    </ClInclude>
    <ClInclude Include="GameCode\Utils\enums.h">
      <Filter>Engine\Utils</Filter>
    </ClInclude>
    <ClInclude Include="GameCode\Entity\Animation.h">
      <Filter>Engine\Entity</Filter>
    </ClInclude>
    <ClInclude Include="GameCode\Entity\BaseEntity.h">
      <Filter>Engine\Entity</Filter>
    </ClInclude>
  </ItemGroup>
  <ItemGroup>
    <Filter Include="Engine">
      <UniqueIdentifier>{111c84da-ec05-44f0-84c1-e114f85ece67}</UniqueIdentifier>
    </Filter>
    <Filter Include="Engine\Entity">
      <UniqueIdentifier>{58c83756-3989-42ee-b7f2-9aab3ecf3ecb}</UniqueIdentifier>
    </Filter>
    <Filter Include="Engine\Game">
      <UniqueIdentifier>{fa6e1a34-dfeb-41fa-bb7c-4d4d8c030220}</UniqueIdentifier>
    </Filter>
    <Filter Include="Engine\Utils">
      <UniqueIdentifier>{5c0efdcb-71f9-4def-bf25-153b533b2a72}</UniqueIdentifier>
    </Filter>
    <Filter Include="Engine\Input">
      <UniqueIdentifier>{417d964a-7161-4043-ab2c-a1733883df7b}</UniqueIdentifier>
    </Filter>
    <Filter Include="Engine\Manager">
      <UniqueIdentifier>{273367c0-9094-4b0f-8fe6-e79d6ad59243}</UniqueIdentifier>
    </Filter>
    <Filter Include="Engine\Entity\Config">
      <UniqueIdentifier>{0d9bc47b-fdb7-41b0-9b17-677a2f33f3d7}</UniqueIdentifier>
    </Filter>
  </ItemGroup>
</Project>